
Microsoft Visual Studio Solution File, Format Version 12.00
# Visual Studio 14
VisualStudioVersion = 14.0.25420.1
MinimumVisualStudioVersion = 10.0.40219.1
Project("{FAE04EC0-301F-11D3-BF4B-00C04F79EFBC}") = "SCPaker", "SCPaker\SCPaker.csproj", "{2C3C319C-AAB2-4064-9C8D-3F398C8F8EDB}"
EndProject
Global
	GlobalSection(SolutionConfigurationPlatforms) = preSolution
		Debug|Any CPU = Debug|Any CPU
		Release|Any CPU = Release|Any CPU
	EndGlobalSection
	GlobalSection(ProjectConfigurationPlatforms) = postSolution
		{2C3C319C-AAB2-4064-9C8D-3F398C8F8EDB}.Debug|Any CPU.ActiveCfg = Debug|Any CPU
		{2C3C319C-AAB2-4064-9C8D-3F398C8F8EDB}.Debug|Any CPU.Build.0 = Debug|Any CPU
		{2C3C319C-AAB2-4064-9C8D-3F398C8F8EDB}.Debug|Any CPU.Deploy.0 = Debug|Any CPU
		{2C3C319C-AAB2-4064-9C8D-3F398C8F8EDB}.Release|Any CPU.ActiveCfg = Release|Any CPU
		{2C3C319C-AAB2-4064-9C8D-3F398C8F8EDB}.Release|Any CPU.Build.0 = Release|Any CPU
		{2C3C319C-AAB2-4064-9C8D-3F398C8F8EDB}.Release|Any CPU.Deploy.0 = Release|Any CPU
	EndGlobalSection
	GlobalSection(SolutionProperties) = preSolution
		HideSolutionNode = FALSE
	EndGlobalSection
EndGlobal
